
Microsoft Visual Studio Solution File, Format Version 12.00
# Visual Studio Version 17
VisualStudioVersion = 17.6.33829.357
MinimumVisualStudioVersion = 10.0.40219.1
Project("{FAE04EC0-301F-11D3-BF4B-00C04F79EFBC}") = "medium", "medium.csproj", "{E2877505-C690-4BFA-9AAE-9768E988332B}"
EndProject
Global
	GlobalSection(SolutionConfigurationPlatforms) = preSolution
		Debug|Any CPU = Debug|Any CPU
		Release|Any CPU = Release|Any CPU
	EndGlobalSection
	GlobalSection(ProjectConfigurationPlatforms) = postSolution
		{E2877505-C690-4BFA-9AAE-9768E988332B}.Debug|Any CPU.ActiveCfg = Debug|Any CPU
		{E2877505-C690-4BFA-9AAE-9768E988332B}.Debug|Any CPU.Build.0 = Debug|Any CPU
		{E2877505-C690-4BFA-9AAE-9768E988332B}.Release|Any CPU.ActiveCfg = Release|Any CPU
		{E2877505-C690-4BFA-9AAE-9768E988332B}.Release|Any CPU.Build.0 = Release|Any CPU
	EndGlobalSection
	GlobalSection(SolutionProperties) = preSolution
		HideSolutionNode = FALSE
	EndGlobalSection
	GlobalSection(ExtensibilityGlobals) = postSolution
		SolutionGuid = {7F7B5E42-3873-45B7-94F7-98F17DF7E057}
	EndGlobalSection
EndGlobal
